// !$*UTF8*$!
{
	archiveVersion = 1;
	classes = {
	};
	objectVersion = 46;
	objects = {

/* Begin PBXBuildFile section */
		200140DE1BAEA96A003E0950 /* AppDelegate.swift in Sources */ = {isa = PBXBuildFile; fileRef = 200140DD1BAEA96A003E0950 /* AppDelegate.swift */; };
		200140E01BAEA96A003E0950 /* ViewController.swift in Sources */ = {isa = PBXBuildFile; fileRef = 200140DF1BAEA96A003E0950 /* ViewController.swift */; };
		200140E31BAEA96A003E0950 /* Main.storyboard in Resources */ = {isa = PBXBuildFile; fileRef = 200140E11BAEA96A003E0950 /* Main.storyboard */; };
		200140E81BAEA96A003E0950 /* Assets.xcassets in Resources */ = {isa = PBXBuildFile; fileRef = 200140E71BAEA96A003E0950 /* Assets.xcassets */; };
		200140EB1BAEA96A003E0950 /* LaunchScreen.storyboard in Resources */ = {isa = PBXBuildFile; fileRef = 200140E91BAEA96A003E0950 /* LaunchScreen.storyboard */; };
		200140F61BAEA96A003E0950 /* FlowersTests.swift in Sources */ = {isa = PBXBuildFile; fileRef = 200140F51BAEA96A003E0950 /* FlowersTests.swift */; };
		200141011BAEA96A003E0950 /* FlowersUITests.swift in Sources */ = {isa = PBXBuildFile; fileRef = 200141001BAEA96A003E0950 /* FlowersUITests.swift */; };
		2001410F1BAEAA82003E0950 /* GameScene.swift in Sources */ = {isa = PBXBuildFile; fileRef = 2001410E1BAEAA82003E0950 /* GameScene.swift */; settings = {ASSET_TAGS = (); }; };
		200141111BAEAFA3003E0950 /* GameKit.framework in Frameworks */ = {isa = PBXBuildFile; fileRef = 200141101BAEAFA3003E0950 /* GameKit.framework */; };
		200141131BAEAFB4003E0950 /* StoreKit.framework in Frameworks */ = {isa = PBXBuildFile; fileRef = 200141121BAEAFB4003E0950 /* StoreKit.framework */; };
		200141201BAEB1F6003E0950 /* Container.m4a in Resources */ = {isa = PBXBuildFile; fileRef = 200141151BAEB1F6003E0950 /* Container.m4a */; settings = {ASSET_TAGS = (); }; };
		200141211BAEB1F6003E0950 /* Do_1.m4a in Resources */ = {isa = PBXBuildFile; fileRef = 200141161BAEB1F6003E0950 /* Do_1.m4a */; settings = {ASSET_TAGS = (); }; };
		200141221BAEB1F6003E0950 /* Do_2.m4a in Resources */ = {isa = PBXBuildFile; fileRef = 200141171BAEB1F6003E0950 /* Do_2.m4a */; settings = {ASSET_TAGS = (); }; };
		200141231BAEB1F6003E0950 /* Drop.m4a in Resources */ = {isa = PBXBuildFile; fileRef = 200141181BAEB1F6003E0950 /* Drop.m4a */; settings = {ASSET_TAGS = (); }; };
		200141241BAEB1F6003E0950 /* Funk_Bot.m4a in Resources */ = {isa = PBXBuildFile; fileRef = 200141191BAEB1F6003E0950 /* Funk_Bot.m4a */; settings = {ASSET_TAGS = (); }; };
		200141251BAEB1F6003E0950 /* Lost.m4a in Resources */ = {isa = PBXBuildFile; fileRef = 2001411A1BAEB1F6003E0950 /* Lost.m4a */; settings = {ASSET_TAGS = (); }; };
		200141261BAEB1F6003E0950 /* Mirror.m4a in Resources */ = {isa = PBXBuildFile; fileRef = 2001411B1BAEB1F6003E0950 /* Mirror.m4a */; settings = {ASSET_TAGS = (); }; };
		200141271BAEB1F6003E0950 /* MyMusic.m4a in Resources */ = {isa = PBXBuildFile; fileRef = 2001411C1BAEB1F6003E0950 /* MyMusic.m4a */; settings = {ASSET_TAGS = (); }; };
		200141281BAEB1F6003E0950 /* Sprite1.m4a in Resources */ = {isa = PBXBuildFile; fileRef = 2001411D1BAEB1F6003E0950 /* Sprite1.m4a */; settings = {ASSET_TAGS = (); }; };
		200141291BAEB1F6003E0950 /* Timeout.m4a in Resources */ = {isa = PBXBuildFile; fileRef = 2001411E1BAEB1F6003E0950 /* Timeout.m4a */; settings = {ASSET_TAGS = (); }; };
		2001412A1BAEB1F6003E0950 /* Winner.m4a in Resources */ = {isa = PBXBuildFile; fileRef = 2001411F1BAEB1F6003E0950 /* Winner.m4a */; settings = {ASSET_TAGS = (); }; };
		2001412C1BAEB285003E0950 /* LevelsForPlayWithSprites.swift in Sources */ = {isa = PBXBuildFile; fileRef = 2001412B1BAEB285003E0950 /* LevelsForPlayWithSprites.swift */; settings = {ASSET_TAGS = (); }; };
		2001412E1BAEB2DE003E0950 /* MyStructs.swift in Sources */ = {isa = PBXBuildFile; fileRef = 2001412D1BAEB2DE003E0950 /* MyStructs.swift */; settings = {ASSET_TAGS = (); }; };
		200141301BAEB4F6003E0950 /* Language.swift in Sources */ = {isa = PBXBuildFile; fileRef = 2001412F1BAEB4F6003E0950 /* Language.swift */; settings = {ASSET_TAGS = (); }; };
		2001413D1BAEB714003E0950 /* de.swift in Sources */ = {isa = PBXBuildFile; fileRef = 2001413C1BAEB714003E0950 /* de.swift */; settings = {ASSET_TAGS = (); }; };
		2001413F1BAEB95B003E0950 /* en.swift in Sources */ = {isa = PBXBuildFile; fileRef = 2001413E1BAEB95B003E0950 /* en.swift */; settings = {ASSET_TAGS = (); }; };
		200141411BAEB9F7003E0950 /* hu.swift in Sources */ = {isa = PBXBuildFile; fileRef = 200141401BAEB9F7003E0950 /* hu.swift */; settings = {ASSET_TAGS = (); }; };
		200141431BAEBAA2003E0950 /* ru.swift in Sources */ = {isa = PBXBuildFile; fileRef = 200141421BAEBAA2003E0950 /* ru.swift */; settings = {ASSET_TAGS = (); }; };
		200141451BAED8BF003E0950 /* Stack.swift in Sources */ = {isa = PBXBuildFile; fileRef = 200141441BAED8BF003E0950 /* Stack.swift */; settings = {ASSET_TAGS = (); }; };
		200141471BAEDAE5003E0950 /* MySKNode.swift in Sources */ = {isa = PBXBuildFile; fileRef = 200141461BAEDAE5003E0950 /* MySKNode.swift */; settings = {ASSET_TAGS = (); }; };
		2001416C1BAEF7AA003E0950 /* Flowers.xcdatamodeld in Sources */ = {isa = PBXBuildFile; fileRef = 2001416A1BAEF7AA003E0950 /* Flowers.xcdatamodeld */; settings = {ASSET_TAGS = (); }; };
		200141741BAEF900003E0950 /* SpriteGame.swift in Sources */ = {isa = PBXBuildFile; fileRef = 200141721BAEF900003E0950 /* SpriteGame.swift */; settings = {ASSET_TAGS = (); }; };
		200141761BAEFB4F003E0950 /* JGXLine.swift in Sources */ = {isa = PBXBuildFile; fileRef = 200141751BAEFB4F003E0950 /* JGXLine.swift */; settings = {ASSET_TAGS = (); }; };
		200141781BAEFBCA003E0950 /* DataStore.swift in Sources */ = {isa = PBXBuildFile; fileRef = 200141771BAEFBCA003E0950 /* DataStore.swift */; settings = {ASSET_TAGS = (); }; };
		20F6D01F1BB43E9100BF7384 /* MyParticle.sks in Resources */ = {isa = PBXBuildFile; fileRef = 20F6D01D1BB43E9100BF7384 /* MyParticle.sks */; settings = {ASSET_TAGS = (); }; };
		20F7E7101BBB03A200451984 /* SpriteKit.framework in Frameworks */ = {isa = PBXBuildFile; fileRef = 20F7E70F1BBB03A200451984 /* SpriteKit.framework */; };
		20FC65BE1BBBC82000775322 /* sprites.atlas in Resources */ = {isa = PBXBuildFile; fileRef = 20FC65BD1BBBC82000775322 /* sprites.atlas */; settings = {ASSET_TAGS = (); }; };
		20FC65CE1BBC0F3600775322 /* undoPressed.png in Resources */ = {isa = PBXBuildFile; fileRef = 20FC65CD1BBC0F3600775322 /* undoPressed.png */; settings = {ASSET_TAGS = (); }; };
		20FC65D61BBC11F800775322 /* undo.png in Resources */ = {isa = PBXBuildFile; fileRef = 20FC65D51BBC11F800775322 /* undo.png */; settings = {ASSET_TAGS = (); }; };
		20FC65D91BBC123300775322 /* background.png in Resources */ = {isa = PBXBuildFile; fileRef = 20FC65D71BBC123300775322 /* background.png */; settings = {ASSET_TAGS = (); }; };
		20FC65DA1BBC123300775322 /* bgImage.png in Resources */ = {isa = PBXBuildFile; fileRef = 20FC65D81BBC123300775322 /* bgImage.png */; settings = {ASSET_TAGS = (); }; };
		20FC65DE1BBC127800775322 /* bumm.png in Resources */ = {isa = PBXBuildFile; fileRef = 20FC65DB1BBC127800775322 /* bumm.png */; settings = {ASSET_TAGS = (); }; };
		20FC65DF1BBC127800775322 /* finger.png in Resources */ = {isa = PBXBuildFile; fileRef = 20FC65DC1BBC127800775322 /* finger.png */; settings = {ASSET_TAGS = (); }; };
		20FC65E01BBC127800775322 /* frozen.png in Resources */ = {isa = PBXBuildFile; fileRef = 20FC65DD1BBC127800775322 /* frozen.png */; settings = {ASSET_TAGS = (); }; };
		20FC65E51BBC12A100775322 /* Holz.png in Resources */ = {isa = PBXBuildFile; fileRef = 20FC65E11BBC12A100775322 /* Holz.png */; settings = {ASSET_TAGS = (); }; };
		20FC65E61BBC12A100775322 /* restart.png in Resources */ = {isa = PBXBuildFile; fileRef = 20FC65E21BBC12A100775322 /* restart.png */; settings = {ASSET_TAGS = (); }; };
		20FC65E71BBC12A100775322 /* restartPressed.png in Resources */ = {isa = PBXBuildFile; fileRef = 20FC65E31BBC12A100775322 /* restartPressed.png */; settings = {ASSET_TAGS = (); }; };
		20FC65E81BBC12A100775322 /* spark.png in Resources */ = {isa = PBXBuildFile; fileRef = 20FC65E41BBC12A100775322 /* spark.png */; settings = {ASSET_TAGS = (); }; };
/* End PBXBuildFile section */

/* Begin PBXContainerItemProxy section */
		200140F21BAEA96A003E0950 /* PBXContainerItemProxy */ = {
			isa = PBXContainerItemProxy;
			containerPortal = 200140D21BAEA96A003E0950 /* Project object */;
			proxyType = 1;
			remoteGlobalIDString = 200140D91BAEA96A003E0950;
			remoteInfo = Flowers;
		};
		200140FD1BAEA96A003E0950 /* PBXContainerItemProxy */ = {
			isa = PBXContainerItemProxy;
			containerPortal = 200140D21BAEA96A003E0950 /* Project object */;
			proxyType = 1;
			remoteGlobalIDString = 200140D91BAEA96A003E0950;
			remoteInfo = Flowers;
		};
/* End PBXContainerItemProxy section */

/* Begin PBXFileReference section */
		200140DA1BAEA96A003E0950 /* Flowers.app */ = {isa = PBXFileReference; explicitFileType = wrapper.application; includeInIndex = 0; path = Flowers.app; sourceTree = BUILT_PRODUCTS_DIR; };
		200140DD1BAEA96A003E0950 /* AppDelegate.swift */ = {isa = PBXFileReference; lastKnownFileType = sourcecode.swift; path = AppDelegate.swift; sourceTree = "<group>"; };
		200140DF1BAEA96A003E0950 /* ViewController.swift */ = {isa = PBXFileReference; lastKnownFileType = sourcecode.swift; path = ViewController.swift; sourceTree = "<group>"; };
		200140E21BAEA96A003E0950 /* Base */ = {isa = PBXFileReference; lastKnownFileType = file.storyboard; name = Base; path = Base.lproj/Main.storyboard; sourceTree = "<group>"; };
		200140E71BAEA96A003E0950 /* Assets.xcassets */ = {isa = PBXFileReference; lastKnownFileType = folder.assetcatalog; path = Assets.xcassets; sourceTree = "<group>"; };
		200140EA1BAEA96A003E0950 /* Base */ = {isa = PBXFileReference; lastKnownFileType = file.storyboard; name = Base; path = Base.lproj/LaunchScreen.storyboard; sourceTree = "<group>"; };
		200140EC1BAEA96A003E0950 /* Info.plist */ = {isa = PBXFileReference; lastKnownFileType = text.plist.xml; path = Info.plist; sourceTree = "<group>"; };
		200140F11BAEA96A003E0950 /* FlowersTests.xctest */ = {isa = PBXFileReference; explicitFileType = wrapper.cfbundle; includeInIndex = 0; path = FlowersTests.xctest; sourceTree = BUILT_PRODUCTS_DIR; };
		200140F51BAEA96A003E0950 /* FlowersTests.swift */ = {isa = PBXFileReference; lastKnownFileType = sourcecode.swift; path = FlowersTests.swift; sourceTree = "<group>"; };
		200140F71BAEA96A003E0950 /* Info.plist */ = {isa = PBXFileReference; lastKnownFileType = text.plist.xml; path = Info.plist; sourceTree = "<group>"; };
		200140FC1BAEA96A003E0950 /* FlowersUITests.xctest */ = {isa = PBXFileReference; explicitFileType = wrapper.cfbundle; includeInIndex = 0; path = FlowersUITests.xctest; sourceTree = BUILT_PRODUCTS_DIR; };
		200141001BAEA96A003E0950 /* FlowersUITests.swift */ = {isa = PBXFileReference; lastKnownFileType = sourcecode.swift; path = FlowersUITests.swift; sourceTree = "<group>"; };
		200141021BAEA96A003E0950 /* Info.plist */ = {isa = PBXFileReference; lastKnownFileType = text.plist.xml; path = Info.plist; sourceTree = "<group>"; };
		2001410E1BAEAA82003E0950 /* GameScene.swift */ = {isa = PBXFileReference; fileEncoding = 4; lastKnownFileType = sourcecode.swift; path = GameScene.swift; sourceTree = "<group>"; };
		200141101BAEAFA3003E0950 /* GameKit.framework */ = {isa = PBXFileReference; lastKnownFileType = wrapper.framework; name = GameKit.framework; path = System/Library/Frameworks/GameKit.framework; sourceTree = SDKROOT; };
		200141121BAEAFB4003E0950 /* StoreKit.framework */ = {isa = PBXFileReference; lastKnownFileType = wrapper.framework; name = StoreKit.framework; path = System/Library/Frameworks/StoreKit.framework; sourceTree = SDKROOT; };
		200141151BAEB1F6003E0950 /* Container.m4a */ = {isa = PBXFileReference; lastKnownFileType = file; path = Container.m4a; sourceTree = "<group>"; };
		200141161BAEB1F6003E0950 /* Do_1.m4a */ = {isa = PBXFileReference; lastKnownFileType = file; path = Do_1.m4a; sourceTree = "<group>"; };
		200141171BAEB1F6003E0950 /* Do_2.m4a */ = {isa = PBXFileReference; lastKnownFileType = file; path = Do_2.m4a; sourceTree = "<group>"; };
		200141181BAEB1F6003E0950 /* Drop.m4a */ = {isa = PBXFileReference; lastKnownFileType = file; path = Drop.m4a; sourceTree = "<group>"; };
		200141191BAEB1F6003E0950 /* Funk_Bot.m4a */ = {isa = PBXFileReference; lastKnownFileType = file; path = Funk_Bot.m4a; sourceTree = "<group>"; };
		2001411A1BAEB1F6003E0950 /* Lost.m4a */ = {isa = PBXFileReference; lastKnownFileType = file; path = Lost.m4a; sourceTree = "<group>"; };
		2001411B1BAEB1F6003E0950 /* Mirror.m4a */ = {isa = PBXFileReference; lastKnownFileType = file; path = Mirror.m4a; sourceTree = "<group>"; };
		2001411C1BAEB1F6003E0950 /* MyMusic.m4a */ = {isa = PBXFileReference; lastKnownFileType = file; path = MyMusic.m4a; sourceTree = "<group>"; };
		2001411D1BAEB1F6003E0950 /* Sprite1.m4a */ = {isa = PBXFileReference; lastKnownFileType = file; path = Sprite1.m4a; sourceTree = "<group>"; };
		2001411E1BAEB1F6003E0950 /* Timeout.m4a */ = {isa = PBXFileReference; lastKnownFileType = file; path = Timeout.m4a; sourceTree = "<group>"; };
		2001411F1BAEB1F6003E0950 /* Winner.m4a */ = {isa = PBXFileReference; lastKnownFileType = file; path = Winner.m4a; sourceTree = "<group>"; };
		2001412B1BAEB285003E0950 /* LevelsForPlayWithSprites.swift */ = {isa = PBXFileReference; fileEncoding = 4; lastKnownFileType = sourcecode.swift; path = LevelsForPlayWithSprites.swift; sourceTree = "<group>"; };
		2001412D1BAEB2DE003E0950 /* MyStructs.swift */ = {isa = PBXFileReference; fileEncoding = 4; lastKnownFileType = sourcecode.swift; path = MyStructs.swift; sourceTree = "<group>"; };
		2001412F1BAEB4F6003E0950 /* Language.swift */ = {isa = PBXFileReference; fileEncoding = 4; lastKnownFileType = sourcecode.swift; path = Language.swift; sourceTree = "<group>"; };
		2001413C1BAEB714003E0950 /* de.swift */ = {isa = PBXFileReference; fileEncoding = 4; lastKnownFileType = sourcecode.swift; path = de.swift; sourceTree = "<group>"; };
		2001413E1BAEB95B003E0950 /* en.swift */ = {isa = PBXFileReference; fileEncoding = 4; lastKnownFileType = sourcecode.swift; path = en.swift; sourceTree = "<group>"; };
		200141401BAEB9F7003E0950 /* hu.swift */ = {isa = PBXFileReference; fileEncoding = 4; lastKnownFileType = sourcecode.swift; path = hu.swift; sourceTree = "<group>"; };
		200141421BAEBAA2003E0950 /* ru.swift */ = {isa = PBXFileReference; fileEncoding = 4; lastKnownFileType = sourcecode.swift; path = ru.swift; sourceTree = "<group>"; };
		200141441BAED8BF003E0950 /* Stack.swift */ = {isa = PBXFileReference; fileEncoding = 4; lastKnownFileType = sourcecode.swift; path = Stack.swift; sourceTree = "<group>"; };
		200141461BAEDAE5003E0950 /* MySKNode.swift */ = {isa = PBXFileReference; fileEncoding = 4; lastKnownFileType = sourcecode.swift; path = MySKNode.swift; sourceTree = "<group>"; };
		2001416B1BAEF7AA003E0950 /* Flowers.xcdatamodel */ = {isa = PBXFileReference; lastKnownFileType = wrapper.xcdatamodel; path = Flowers.xcdatamodel; sourceTree = "<group>"; };
		200141721BAEF900003E0950 /* SpriteGame.swift */ = {isa = PBXFileReference; fileEncoding = 4; lastKnownFileType = sourcecode.swift; path = SpriteGame.swift; sourceTree = "<group>"; };
		200141751BAEFB4F003E0950 /* JGXLine.swift */ = {isa = PBXFileReference; fileEncoding = 4; lastKnownFileType = sourcecode.swift; path = JGXLine.swift; sourceTree = "<group>"; };
		200141771BAEFBCA003E0950 /* DataStore.swift */ = {isa = PBXFileReference; fileEncoding = 4; lastKnownFileType = sourcecode.swift; path = DataStore.swift; sourceTree = "<group>"; };
		20F6D01D1BB43E9100BF7384 /* MyParticle.sks */ = {isa = PBXFileReference; lastKnownFileType = file.sks; name = MyParticle.sks; path = ../MyParticle.sks; sourceTree = "<group>"; };
		20F7E70F1BBB03A200451984 /* SpriteKit.framework */ = {isa = PBXFileReference; lastKnownFileType = wrapper.framework; name = SpriteKit.framework; path = System/Library/Frameworks/SpriteKit.framework; sourceTree = SDKROOT; };
		20FC65BD1BBBC82000775322 /* sprites.atlas */ = {isa = PBXFileReference; lastKnownFileType = folder.skatlas; path = sprites.atlas; sourceTree = "<group>"; };
		20FC65CD1BBC0F3600775322 /* undoPressed.png */ = {isa = PBXFileReference; lastKnownFileType = image.png; path = undoPressed.png; sourceTree = "<group>"; };
		20FC65D11BBC0FD400775322 /* aquarium.png */ = {isa = PBXFileReference; lastKnownFileType = image.png; name = aquarium.png; path = ../../JFlowers/JFlowers/aquarium.png; sourceTree = "<group>"; };
		20FC65D51BBC11F800775322 /* undo.png */ = {isa = PBXFileReference; lastKnownFileType = image.png; path = undo.png; sourceTree = "<group>"; };
		20FC65D71BBC123300775322 /* background.png */ = {isa = PBXFileReference; lastKnownFileType = image.png; path = background.png; sourceTree = "<group>"; };
		20FC65D81BBC123300775322 /* bgImage.png */ = {isa = PBXFileReference; lastKnownFileType = image.png; path = bgImage.png; sourceTree = "<group>"; };
		20FC65DB1BBC127800775322 /* bumm.png */ = {isa = PBXFileReference; lastKnownFileType = image.png; path = bumm.png; sourceTree = "<group>"; };
		20FC65DC1BBC127800775322 /* finger.png */ = {isa = PBXFileReference; lastKnownFileType = image.png; path = finger.png; sourceTree = "<group>"; };
		20FC65DD1BBC127800775322 /* frozen.png */ = {isa = PBXFileReference; lastKnownFileType = image.png; path = frozen.png; sourceTree = "<group>"; };
		20FC65E11BBC12A100775322 /* Holz.png */ = {isa = PBXFileReference; lastKnownFileType = image.png; path = Holz.png; sourceTree = "<group>"; };
		20FC65E21BBC12A100775322 /* restart.png */ = {isa = PBXFileReference; lastKnownFileType = image.png; path = restart.png; sourceTree = "<group>"; };
		20FC65E31BBC12A100775322 /* restartPressed.png */ = {isa = PBXFileReference; lastKnownFileType = image.png; path = restartPressed.png; sourceTree = "<group>"; };
		20FC65E41BBC12A100775322 /* spark.png */ = {isa = PBXFileReference; lastKnownFileType = image.png; path = spark.png; sourceTree = "<group>"; };
/* End PBXFileReference section */

/* Begin PBXFrameworksBuildPhase section */
		200140D71BAEA96A003E0950 /* Frameworks */ = {
			isa = PBXFrameworksBuildPhase;
			buildActionMask = 2147483647;
			files = (
				20F7E7101BBB03A200451984 /* SpriteKit.framework in Frameworks */,
				200141131BAEAFB4003E0950 /* StoreKit.framework in Frameworks */,
				200141111BAEAFA3003E0950 /* GameKit.framework in Frameworks */,
			);
			runOnlyForDeploymentPostprocessing = 0;
		};
		200140EE1BAEA96A003E0950 /* Frameworks */ = {
			isa = PBXFrameworksBuildPhase;
			buildActionMask = 2147483647;
			files = (
			);
			runOnlyForDeploymentPostprocessing = 0;
		};
		200140F91BAEA96A003E0950 /* Frameworks */ = {
			isa = PBXFrameworksBuildPhase;
			buildActionMask = 2147483647;
			files = (
			);
			runOnlyForDeploymentPostprocessing = 0;
		};
/* End PBXFrameworksBuildPhase section */

/* Begin PBXGroup section */
		200140D11BAEA96A003E0950 = {
			isa = PBXGroup;
			children = (
				20F7E70F1BBB03A200451984 /* SpriteKit.framework */,
				200141121BAEAFB4003E0950 /* StoreKit.framework */,
				200141101BAEAFA3003E0950 /* GameKit.framework */,
				200140DC1BAEA96A003E0950 /* Flowers */,
				200140F41BAEA96A003E0950 /* FlowersTests */,
				200140FF1BAEA96A003E0950 /* FlowersUITests */,
				200140DB1BAEA96A003E0950 /* Products */,
			);
			sourceTree = "<group>";
		};
		200140DB1BAEA96A003E0950 /* Products */ = {
			isa = PBXGroup;
			children = (
				200140DA1BAEA96A003E0950 /* Flowers.app */,
				200140F11BAEA96A003E0950 /* FlowersTests.xctest */,
				200140FC1BAEA96A003E0950 /* FlowersUITests.xctest */,
			);
			name = Products;
			sourceTree = "<group>";
		};
		200140DC1BAEA96A003E0950 /* Flowers */ = {
			isa = PBXGroup;
			children = (
				20FC65BD1BBBC82000775322 /* sprites.atlas */,
				20F6D01D1BB43E9100BF7384 /* MyParticle.sks */,
				200141461BAEDAE5003E0950 /* MySKNode.swift */,
				2001410E1BAEAA82003E0950 /* GameScene.swift */,
				200141751BAEFB4F003E0950 /* JGXLine.swift */,
				200141721BAEF900003E0950 /* SpriteGame.swift */,
				2001412D1BAEB2DE003E0950 /* MyStructs.swift */,
				200141771BAEFBCA003E0950 /* DataStore.swift */,
				2001412B1BAEB285003E0950 /* LevelsForPlayWithSprites.swift */,
				200141441BAED8BF003E0950 /* Stack.swift */,
				200140DD1BAEA96A003E0950 /* AppDelegate.swift */,
				200140DF1BAEA96A003E0950 /* ViewController.swift */,
				200140E11BAEA96A003E0950 /* Main.storyboard */,
				200140E71BAEA96A003E0950 /* Assets.xcassets */,
				2001416A1BAEF7AA003E0950 /* Flowers.xcdatamodeld */,
				200140E91BAEA96A003E0950 /* LaunchScreen.storyboard */,
				200140EC1BAEA96A003E0950 /* Info.plist */,
				200141481BAEE358003E0950 /* Pictures */,
				200141141BAEB1CA003E0950 /* SoundFiles */,
				200141311BAEB521003E0950 /* Languages */,
			);
			path = Flowers;
			sourceTree = "<group>";
		};
		200140F41BAEA96A003E0950 /* FlowersTests */ = {
			isa = PBXGroup;
			children = (
				200140F51BAEA96A003E0950 /* FlowersTests.swift */,
				200140F71BAEA96A003E0950 /* Info.plist */,
			);
			path = FlowersTests;
			sourceTree = "<group>";
		};
		200140FF1BAEA96A003E0950 /* FlowersUITests */ = {
			isa = PBXGroup;
			children = (
				200141001BAEA96A003E0950 /* FlowersUITests.swift */,
				200141021BAEA96A003E0950 /* Info.plist */,
			);
			path = FlowersUITests;
			sourceTree = "<group>";
		};
		200141141BAEB1CA003E0950 /* SoundFiles */ = {
			isa = PBXGroup;
			children = (
				200141151BAEB1F6003E0950 /* Container.m4a */,
				200141161BAEB1F6003E0950 /* Do_1.m4a */,
				200141171BAEB1F6003E0950 /* Do_2.m4a */,
				200141181BAEB1F6003E0950 /* Drop.m4a */,
				200141191BAEB1F6003E0950 /* Funk_Bot.m4a */,
				2001411A1BAEB1F6003E0950 /* Lost.m4a */,
				2001411B1BAEB1F6003E0950 /* Mirror.m4a */,
				2001411C1BAEB1F6003E0950 /* MyMusic.m4a */,
				2001411D1BAEB1F6003E0950 /* Sprite1.m4a */,
				2001411E1BAEB1F6003E0950 /* Timeout.m4a */,
				2001411F1BAEB1F6003E0950 /* Winner.m4a */,
			);
			name = SoundFiles;
			sourceTree = "<group>";
		};
		200141311BAEB521003E0950 /* Languages */ = {
			isa = PBXGroup;
			children = (
				2001412F1BAEB4F6003E0950 /* Language.swift */,
				2001413C1BAEB714003E0950 /* de.swift */,
				2001413E1BAEB95B003E0950 /* en.swift */,
				200141401BAEB9F7003E0950 /* hu.swift */,
				200141421BAEBAA2003E0950 /* ru.swift */,
			);
			name = Languages;
			sourceTree = "<group>";
		};
		200141481BAEE358003E0950 /* Pictures */ = {
			isa = PBXGroup;
			children = (
				20FC65E11BBC12A100775322 /* Holz.png */,
				20FC65E21BBC12A100775322 /* restart.png */,
				20FC65E31BBC12A100775322 /* restartPressed.png */,
				20FC65E41BBC12A100775322 /* spark.png */,
				20FC65DB1BBC127800775322 /* bumm.png */,
				20FC65DC1BBC127800775322 /* finger.png */,
				20FC65DD1BBC127800775322 /* frozen.png */,
				20FC65D71BBC123300775322 /* background.png */,
				20FC65D81BBC123300775322 /* bgImage.png */,
				20FC65D51BBC11F800775322 /* undo.png */,
				20FC65CD1BBC0F3600775322 /* undoPressed.png */,
				20FC65D11BBC0FD400775322 /* aquarium.png */,
			);
			name = Pictures;
			sourceTree = "<group>";
		};
/* End PBXGroup section */

/* Begin PBXNativeTarget section */
		200140D91BAEA96A003E0950 /* Flowers */ = {
			isa = PBXNativeTarget;
			buildConfigurationList = 200141051BAEA96A003E0950 /* Build configuration list for PBXNativeTarget "Flowers" */;
			buildPhases = (
				200140D61BAEA96A003E0950 /* Sources */,
				200140D71BAEA96A003E0950 /* Frameworks */,
				200140D81BAEA96A003E0950 /* Resources */,
			);
			buildRules = (
			);
			dependencies = (
			);
			name = Flowers;
			productName = Flowers;
			productReference = 200140DA1BAEA96A003E0950 /* Flowers.app */;
			productType = "com.apple.product-type.application";
		};
		200140F01BAEA96A003E0950 /* FlowersTests */ = {
			isa = PBXNativeTarget;
			buildConfigurationList = 200141081BAEA96A003E0950 /* Build configuration list for PBXNativeTarget "FlowersTests" */;
			buildPhases = (
				200140ED1BAEA96A003E0950 /* Sources */,
				200140EE1BAEA96A003E0950 /* Frameworks */,
				200140EF1BAEA96A003E0950 /* Resources */,
			);
			buildRules = (
			);
			dependencies = (
				200140F31BAEA96A003E0950 /* PBXTargetDependency */,
			);
			name = FlowersTests;
			productName = FlowersTests;
			productReference = 200140F11BAEA96A003E0950 /* FlowersTests.xctest */;
			productType = "com.apple.product-type.bundle.unit-test";
		};
		200140FB1BAEA96A003E0950 /* FlowersUITests */ = {
			isa = PBXNativeTarget;
			buildConfigurationList = 2001410B1BAEA96A003E0950 /* Build configuration list for PBXNativeTarget "FlowersUITests" */;
			buildPhases = (
				200140F81BAEA96A003E0950 /* Sources */,
				200140F91BAEA96A003E0950 /* Frameworks */,
				200140FA1BAEA96A003E0950 /* Resources */,
			);
			buildRules = (
			);
			dependencies = (
				200140FE1BAEA96A003E0950 /* PBXTargetDependency */,
			);
			name = FlowersUITests;
			productName = FlowersUITests;
			productReference = 200140FC1BAEA96A003E0950 /* FlowersUITests.xctest */;
			productType = "com.apple.product-type.bundle.ui-testing";
		};
/* End PBXNativeTarget section */

/* Begin PBXProject section */
		200140D21BAEA96A003E0950 /* Project object */ = {
			isa = PBXProject;
			attributes = {
				LastUpgradeCheck = 0700;
				ORGANIZATIONNAME = "Jozsef Romhanyi";
				TargetAttributes = {
					200140D91BAEA96A003E0950 = {
						CreatedOnToolsVersion = 7.0;
						DevelopmentTeam = WT499VC842;
					};
					200140F01BAEA96A003E0950 = {
						CreatedOnToolsVersion = 7.0;
						TestTargetID = 200140D91BAEA96A003E0950;
					};
					200140FB1BAEA96A003E0950 = {
						CreatedOnToolsVersion = 7.0;
						TestTargetID = 200140D91BAEA96A003E0950;
					};
				};
			};
			buildConfigurationList = 200140D51BAEA96A003E0950 /* Build configuration list for PBXProject "Flowers" */;
			compatibilityVersion = "Xcode 3.2";
			developmentRegion = English;
			hasScannedForEncodings = 0;
			knownRegions = (
				en,
				Base,
			);
			mainGroup = 200140D11BAEA96A003E0950;
			productRefGroup = 200140DB1BAEA96A003E0950 /* Products */;
			projectDirPath = "";
			projectRoot = "";
			targets = (
				200140D91BAEA96A003E0950 /* Flowers */,
				200140F01BAEA96A003E0950 /* FlowersTests */,
				200140FB1BAEA96A003E0950 /* FlowersUITests */,
			);
		};
/* End PBXProject section */

/* Begin PBXResourcesBuildPhase section */
		200140D81BAEA96A003E0950 /* Resources */ = {
			isa = PBXResourcesBuildPhase;
			buildActionMask = 2147483647;
			files = (
				20FC65DE1BBC127800775322 /* bumm.png in Resources */,
				20FC65E01BBC127800775322 /* frozen.png in Resources */,
				200141231BAEB1F6003E0950 /* Drop.m4a in Resources */,
				20FC65D91BBC123300775322 /* background.png in Resources */,
				20FC65DA1BBC123300775322 /* bgImage.png in Resources */,
				200141201BAEB1F6003E0950 /* Container.m4a in Resources */,
				200140EB1BAEA96A003E0950 /* LaunchScreen.storyboard in Resources */,
				200141281BAEB1F6003E0950 /* Sprite1.m4a in Resources */,
				20FC65CE1BBC0F3600775322 /* undoPressed.png in Resources */,
				200141261BAEB1F6003E0950 /* Mirror.m4a in Resources */,
				2001412A1BAEB1F6003E0950 /* Winner.m4a in Resources */,
				20FC65E51BBC12A100775322 /* Holz.png in Resources */,
				200141221BAEB1F6003E0950 /* Do_2.m4a in Resources */,
				200141241BAEB1F6003E0950 /* Funk_Bot.m4a in Resources */,
				20FC65BE1BBBC82000775322 /* sprites.atlas in Resources */,
				200140E81BAEA96A003E0950 /* Assets.xcassets in Resources */,
				20FC65E81BBC12A100775322 /* spark.png in Resources */,
				20FC65E61BBC12A100775322 /* restart.png in Resources */,
				20FC65D61BBC11F800775322 /* undo.png in Resources */,
				200140E31BAEA96A003E0950 /* Main.storyboard in Resources */,
				200141271BAEB1F6003E0950 /* MyMusic.m4a in Resources */,
				20FC65E71BBC12A100775322 /* restartPressed.png in Resources */,
				200141291BAEB1F6003E0950 /* Timeout.m4a in Resources */,
				20F6D01F1BB43E9100BF7384 /* MyParticle.sks in Resources */,
				200141211BAEB1F6003E0950 /* Do_1.m4a in Resources */,
				200141251BAEB1F6003E0950 /* Lost.m4a in Resources */,
				20FC65DF1BBC127800775322 /* finger.png in Resources */,
			);
			runOnlyForDeploymentPostprocessing = 0;
		};
		200140EF1BAEA96A003E0950 /* Resources */ = {
			isa = PBXResourcesBuildPhase;
			buildActionMask = 2147483647;
			files = (
			);
			runOnlyForDeploymentPostprocessing = 0;
		};
		200140FA1BAEA96A003E0950 /* Resources */ = {
			isa = PBXResourcesBuildPhase;
			buildActionMask = 2147483647;
			files = (
			);
			runOnlyForDeploymentPostprocessing = 0;
		};
/* End PBXResourcesBuildPhase section */

/* Begin PBXSourcesBuildPhase section */
		200140D61BAEA96A003E0950 /* Sources */ = {
			isa = PBXSourcesBuildPhase;
			buildActionMask = 2147483647;
			files = (
				200141451BAED8BF003E0950 /* Stack.swift in Sources */,
				200141781BAEFBCA003E0950 /* DataStore.swift in Sources */,
				200141411BAEB9F7003E0950 /* hu.swift in Sources */,
				2001413F1BAEB95B003E0950 /* en.swift in Sources */,
				200140E01BAEA96A003E0950 /* ViewController.swift in Sources */,
				2001412E1BAEB2DE003E0950 /* MyStructs.swift in Sources */,
				200141471BAEDAE5003E0950 /* MySKNode.swift in Sources */,
				2001413D1BAEB714003E0950 /* de.swift in Sources */,
				2001416C1BAEF7AA003E0950 /* Flowers.xcdatamodeld in Sources */,
				200141761BAEFB4F003E0950 /* JGXLine.swift in Sources */,
				200141301BAEB4F6003E0950 /* Language.swift in Sources */,
				2001410F1BAEAA82003E0950 /* GameScene.swift in Sources */,
				200141741BAEF900003E0950 /* SpriteGame.swift in Sources */,
				2001412C1BAEB285003E0950 /* LevelsForPlayWithSprites.swift in Sources */,
				200141431BAEBAA2003E0950 /* ru.swift in Sources */,
				200140DE1BAEA96A003E0950 /* AppDelegate.swift in Sources */,
			);
			runOnlyForDeploymentPostprocessing = 0;
		};
		200140ED1BAEA96A003E0950 /* Sources */ = {
			isa = PBXSourcesBuildPhase;
			buildActionMask = 2147483647;
			files = (
				200140F61BAEA96A003E0950 /* FlowersTests.swift in Sources */,
			);
			runOnlyForDeploymentPostprocessing = 0;
		};
		200140F81BAEA96A003E0950 /* Sources */ = {
			isa = PBXSourcesBuildPhase;
			buildActionMask = 2147483647;
			files = (
				200141011BAEA96A003E0950 /* FlowersUITests.swift in Sources */,
			);
			runOnlyForDeploymentPostprocessing = 0;
		};
/* End PBXSourcesBuildPhase section */

/* Begin PBXTargetDependency section */
		200140F31BAEA96A003E0950 /* PBXTargetDependency */ = {
			isa = PBXTargetDependency;
			target = 200140D91BAEA96A003E0950 /* Flowers */;
			targetProxy = 200140F21BAEA96A003E0950 /* PBXContainerItemProxy */;
		};
		200140FE1BAEA96A003E0950 /* PBXTargetDependency */ = {
			isa = PBXTargetDependency;
			target = 200140D91BAEA96A003E0950 /* Flowers */;
			targetProxy = 200140FD1BAEA96A003E0950 /* PBXContainerItemProxy */;
		};
/* End PBXTargetDependency section */

/* Begin PBXVariantGroup section */
		200140E11BAEA96A003E0950 /* Main.storyboard */ = {
			isa = PBXVariantGroup;
			children = (
				200140E21BAEA96A003E0950 /* Base */,
			);
			name = Main.storyboard;
			sourceTree = "<group>";
		};
		200140E91BAEA96A003E0950 /* LaunchScreen.storyboard */ = {
			isa = PBXVariantGroup;
			children = (
				200140EA1BAEA96A003E0950 /* Base */,
			);
			name = LaunchScreen.storyboard;
			sourceTree = "<group>";
		};
/* End PBXVariantGroup section */

/* Begin XCBuildConfiguration section */
		200141031BAEA96A003E0950 /* Debug */ = {
			isa = XCBuildConfiguration;
			buildSettings = {
				ALWAYS_SEARCH_USER_PATHS = NO;
				CLANG_CXX_LANGUAGE_STANDARD = "gnu++0x";
				CLANG_CXX_LIBRARY = "libc++";
				CLANG_ENABLE_MODULES = YES;
				CLANG_ENABLE_OBJC_ARC = YES;
				CLANG_WARN_BOOL_CONVERSION = YES;
				CLANG_WARN_CONSTANT_CONVERSION = YES;
				CLANG_WARN_DIRECT_OBJC_ISA_USAGE = YES_ERROR;
				CLANG_WARN_EMPTY_BODY = YES;
				CLANG_WARN_ENUM_CONVERSION = YES;
				CLANG_WARN_INT_CONVERSION = YES;
				CLANG_WARN_OBJC_ROOT_CLASS = YES_ERROR;
				CLANG_WARN_UNREACHABLE_CODE = YES;
				CLANG_WARN__DUPLICATE_METHOD_MATCH = YES;
				"CODE_SIGN_IDENTITY[sdk=iphoneos*]" = "iPhone Developer";
				COPY_PHASE_STRIP = NO;
				DEBUG_INFORMATION_FORMAT = dwarf;
				ENABLE_STRICT_OBJC_MSGSEND = YES;
				ENABLE_TESTABILITY = YES;
				GCC_C_LANGUAGE_STANDARD = gnu99;
				GCC_DYNAMIC_NO_PIC = NO;
				GCC_NO_COMMON_BLOCKS = YES;
				GCC_OPTIMIZATION_LEVEL = 0;
				GCC_PREPROCESSOR_DEFINITIONS = (
					"DEBUG=1",
					"$(inherited)",
				);
				GCC_WARN_64_TO_32_BIT_CONVERSION = YES;
				GCC_WARN_ABOUT_RETURN_TYPE = YES_ERROR;
				GCC_WARN_UNDECLARED_SELECTOR = YES;
				GCC_WARN_UNINITIALIZED_AUTOS = YES_AGGRESSIVE;
				GCC_WARN_UNUSED_FUNCTION = YES;
				GCC_WARN_UNUSED_VARIABLE = YES;
				IPHONEOS_DEPLOYMENT_TARGET = 9.0;
				MTL_ENABLE_DEBUG_INFO = YES;
				ONLY_ACTIVE_ARCH = YES;
				SDKROOT = iphoneos;
				SWIFT_OPTIMIZATION_LEVEL = "-Onone";
				TARGETED_DEVICE_FAMILY = "1,2";
			};
			name = Debug;
		};
		200141041BAEA96A003E0950 /* Release */ = {
			isa = XCBuildConfiguration;
			buildSettings = {
				ALWAYS_SEARCH_USER_PATHS = NO;
				CLANG_CXX_LANGUAGE_STANDARD = "gnu++0x";
				CLANG_CXX_LIBRARY = "libc++";
				CLANG_ENABLE_MODULES = YES;
				CLANG_ENABLE_OBJC_ARC = YES;
				CLANG_WARN_BOOL_CONVERSION = YES;
				CLANG_WARN_CONSTANT_CONVERSION = YES;
				CLANG_WARN_DIRECT_OBJC_ISA_USAGE = YES_ERROR;
				CLANG_WARN_EMPTY_BODY = YES;
				CLANG_WARN_ENUM_CONVERSION = YES;
				CLANG_WARN_INT_CONVERSION = YES;
				CLANG_WARN_OBJC_ROOT_CLASS = YES_ERROR;
				CLANG_WARN_UNREACHABLE_CODE = YES;
				CLANG_WARN__DUPLICATE_METHOD_MATCH = YES;
				"CODE_SIGN_IDENTITY[sdk=iphoneos*]" = "iPhone Developer";
				COPY_PHASE_STRIP = NO;
				DEBUG_INFORMATION_FORMAT = "dwarf-with-dsym";
				ENABLE_NS_ASSERTIONS = NO;
				ENABLE_STRICT_OBJC_MSGSEND = YES;
				GCC_C_LANGUAGE_STANDARD = gnu99;
				GCC_NO_COMMON_BLOCKS = YES;
				GCC_WARN_64_TO_32_BIT_CONVERSION = YES;
				GCC_WARN_ABOUT_RETURN_TYPE = YES_ERROR;
				GCC_WARN_UNDECLARED_SELECTOR = YES;
				GCC_WARN_UNINITIALIZED_AUTOS = YES_AGGRESSIVE;
				GCC_WARN_UNUSED_FUNCTION = YES;
				GCC_WARN_UNUSED_VARIABLE = YES;
				IPHONEOS_DEPLOYMENT_TARGET = 9.0;
				MTL_ENABLE_DEBUG_INFO = NO;
				SDKROOT = iphoneos;
				TARGETED_DEVICE_FAMILY = "1,2";
				VALIDATE_PRODUCT = YES;
			};
			name = Release;
		};
		200141061BAEA96A003E0950 /* Debug */ = {
			isa = XCBuildConfiguration;
			buildSettings = {
				ASSETCATALOG_COMPILER_APPICON_NAME = AppIcon;
				CODE_SIGN_IDENTITY = "iPhone Developer";
				"CODE_SIGN_IDENTITY[sdk=iphoneos*]" = "iPhone Developer";
				INFOPLIST_FILE = Flowers/Info.plist;
				LD_RUNPATH_SEARCH_PATHS = "$(inherited) @executable_path/Frameworks";
				MACH_O_TYPE = mh_execute;
				PRODUCT_BUNDLE_IDENTIFIER = JOGAX.Flowers;
				PRODUCT_NAME = "$(TARGET_NAME)";
				PROVISIONING_PROFILE = "";
			};
			name = Debug;
		};
		200141071BAEA96A003E0950 /* Release */ = {
			isa = XCBuildConfiguration;
			buildSettings = {
				ASSETCATALOG_COMPILER_APPICON_NAME = AppIcon;
				CODE_SIGN_IDENTITY = "iPhone Developer";
				"CODE_SIGN_IDENTITY[sdk=iphoneos*]" = "iPhone Developer";
				INFOPLIST_FILE = Flowers/Info.plist;
				LD_RUNPATH_SEARCH_PATHS = "$(inherited) @executable_path/Frameworks";
				MACH_O_TYPE = mh_execute;
				PRODUCT_BUNDLE_IDENTIFIER = JOGAX.Flowers;
				PRODUCT_NAME = "$(TARGET_NAME)";
				PROVISIONING_PROFILE = "";
			};
			name = Release;
		};
		200141091BAEA96A003E0950 /* Debug */ = {
			isa = XCBuildConfiguration;
			buildSettings = {
				BUNDLE_LOADER = "$(TEST_HOST)";
				INFOPLIST_FILE = FlowersTests/Info.plist;
				LD_RUNPATH_SEARCH_PATHS = "$(inherited) @executable_path/Frameworks @loader_path/Frameworks";
				PRODUCT_BUNDLE_IDENTIFIER = JOGAX.FlowersTests;
				PRODUCT_NAME = "$(TARGET_NAME)";
				TEST_HOST = "$(BUILT_PRODUCTS_DIR)/Flowers.app/Flowers";
			};
			name = Debug;
		};
		2001410A1BAEA96A003E0950 /* Release */ = {
			isa = XCBuildConfiguration;
			buildSettings = {
				BUNDLE_LOADER = "$(TEST_HOST)";
				INFOPLIST_FILE = FlowersTests/Info.plist;
				LD_RUNPATH_SEARCH_PATHS = "$(inherited) @executable_path/Frameworks @loader_path/Frameworks";
				PRODUCT_BUNDLE_IDENTIFIER = JOGAX.FlowersTests;
				PRODUCT_NAME = "$(TARGET_NAME)";
				TEST_HOST = "$(BUILT_PRODUCTS_DIR)/Flowers.app/Flowers";
			};
			name = Release;
		};
		2001410C1BAEA96A003E0950 /* Debug */ = {
			isa = XCBuildConfiguration;
			buildSettings = {
				INFOPLIST_FILE = FlowersUITests/Info.plist;
				LD_RUNPATH_SEARCH_PATHS = "$(inherited) @executable_path/Frameworks @loader_path/Frameworks";
				PRODUCT_BUNDLE_IDENTIFIER = JOGAX.FlowersUITests;
				PRODUCT_NAME = "$(TARGET_NAME)";
				TEST_TARGET_NAME = Flowers;
				USES_XCTRUNNER = YES;
			};
			name = Debug;
		};
		2001410D1BAEA96A003E0950 /* Release */ = {
			isa = XCBuildConfiguration;
			buildSettings = {
				INFOPLIST_FILE = FlowersUITests/Info.plist;
				LD_RUNPATH_SEARCH_PATHS = "$(inherited) @executable_path/Frameworks @loader_path/Frameworks";
				PRODUCT_BUNDLE_IDENTIFIER = JOGAX.FlowersUITests;
				PRODUCT_NAME = "$(TARGET_NAME)";
				TEST_TARGET_NAME = Flowers;
				USES_XCTRUNNER = YES;
			};
			name = Release;
		};
/* End XCBuildConfiguration section */

/* Begin XCConfigurationList section */
		200140D51BAEA96A003E0950 /* Build configuration list for PBXProject "Flowers" */ = {
			isa = XCConfigurationList;
			buildConfigurations = (
				200141031BAEA96A003E0950 /* Debug */,
				200141041BAEA96A003E0950 /* Release */,
			);
			defaultConfigurationIsVisible = 0;
			defaultConfigurationName = Release;
		};
		200141051BAEA96A003E0950 /* Build configuration list for PBXNativeTarget "Flowers" */ = {
			isa = XCConfigurationList;
			buildConfigurations = (
				200141061BAEA96A003E0950 /* Debug */,
				200141071BAEA96A003E0950 /* Release */,
			);
			defaultConfigurationIsVisible = 0;
			defaultConfigurationName = Release;
		};
		200141081BAEA96A003E0950 /* Build configuration list for PBXNativeTarget "FlowersTests" */ = {
			isa = XCConfigurationList;
			buildConfigurations = (
				200141091BAEA96A003E0950 /* Debug */,
				2001410A1BAEA96A003E0950 /* Release */,
			);
			defaultConfigurationIsVisible = 0;
			defaultConfigurationName = Release;
		};
		2001410B1BAEA96A003E0950 /* Build configuration list for PBXNativeTarget "FlowersUITests" */ = {
			isa = XCConfigurationList;
			buildConfigurations = (
				2001410C1BAEA96A003E0950 /* Debug */,
				2001410D1BAEA96A003E0950 /* Release */,
			);
			defaultConfigurationIsVisible = 0;
			defaultConfigurationName = Release;
		};
/* End XCConfigurationList section */

/* Begin XCVersionGroup section */
		2001416A1BAEF7AA003E0950 /* Flowers.xcdatamodeld */ = {
			isa = XCVersionGroup;
			children = (
				2001416B1BAEF7AA003E0950 /* Flowers.xcdatamodel */,
			);
			currentVersion = 2001416B1BAEF7AA003E0950 /* Flowers.xcdatamodel */;
			path = Flowers.xcdatamodeld;
			sourceTree = "<group>";
			versionGroupType = wrapper.xcdatamodel;
		};
/* End XCVersionGroup section */
	};
	rootObject = 200140D21BAEA96A003E0950 /* Project object */;
}
